
Microsoft Visual Studio Solution File, Format Version 12.00
# Visual Studio Version 17
VisualStudioVersion = 17.8.34525.116
MinimumVisualStudioVersion = 10.0.40219.1
Project("{FAE04EC0-301F-11D3-BF4B-00C04F79EFBC}") = "ProductCatalog.API", "ProductCatalog.API\ProductCatalog.API.csproj", "{66F39DC5-1096-4061-A18B-EC7ABAD112D8}"
EndProject
Project("{FAE04EC0-301F-11D3-BF4B-00C04F79EFBC}") = "ProductCatalog.Domain", "ProductCatalog.Domain\ProductCatalog.Domain.csproj", "{CEA0752B-E72A-40AB-AA0E-7A5F7D59B21C}"
EndProject
Project("{FAE04EC0-301F-11D3-BF4B-00C04F79EFBC}") = "ProductCatalog.Application", "ProductCatalog.Application\ProductCatalog.Application.csproj", "{4A3A5841-6215-49C0-AFAD-EB84A381942B}"
EndProject
Project("{FAE04EC0-301F-11D3-BF4B-00C04F79EFBC}") = "ProductCatalog.Infrastructure", "ProductCatalog.Infrastructure\ProductCatalog.Infrastructure.csproj", "{B2DF526C-64CC-4ACB-9FDC-FCC92E330B46}"
EndProject
Global
	GlobalSection(SolutionConfigurationPlatforms) = preSolution
		Debug|Any CPU = Debug|Any CPU
		Release|Any CPU = Release|Any CPU
	EndGlobalSection
	GlobalSection(ProjectConfigurationPlatforms) = postSolution
		{66F39DC5-1096-4061-A18B-EC7ABAD112D8}.Debug|Any CPU.ActiveCfg = Debug|Any CPU
		{66F39DC5-1096-4061-A18B-EC7ABAD112D8}.Debug|Any CPU.Build.0 = Debug|Any CPU
		{66F39DC5-1096-4061-A18B-EC7ABAD112D8}.Release|Any CPU.ActiveCfg = Release|Any CPU
		{66F39DC5-1096-4061-A18B-EC7ABAD112D8}.Release|Any CPU.Build.0 = Release|Any CPU
		{CEA0752B-E72A-40AB-AA0E-7A5F7D59B21C}.Debug|Any CPU.ActiveCfg = Debug|Any CPU
		{CEA0752B-E72A-40AB-AA0E-7A5F7D59B21C}.Debug|Any CPU.Build.0 = Debug|Any CPU
		{CEA0752B-E72A-40AB-AA0E-7A5F7D59B21C}.Release|Any CPU.ActiveCfg = Release|Any CPU
		{CEA0752B-E72A-40AB-AA0E-7A5F7D59B21C}.Release|Any CPU.Build.0 = Release|Any CPU
		{4A3A5841-6215-49C0-AFAD-EB84A381942B}.Debug|Any CPU.ActiveCfg = Debug|Any CPU
		{4A3A5841-6215-49C0-AFAD-EB84A381942B}.Debug|Any CPU.Build.0 = Debug|Any CPU
		{4A3A5841-6215-49C0-AFAD-EB84A381942B}.Release|Any CPU.ActiveCfg = Release|Any CPU
		{4A3A5841-6215-49C0-AFAD-EB84A381942B}.Release|Any CPU.Build.0 = Release|Any CPU
		{B2DF526C-64CC-4ACB-9FDC-FCC92E330B46}.Debug|Any CPU.ActiveCfg = Debug|Any CPU
		{B2DF526C-64CC-4ACB-9FDC-FCC92E330B46}.Debug|Any CPU.Build.0 = Debug|Any CPU
		{B2DF526C-64CC-4ACB-9FDC-FCC92E330B46}.Release|Any CPU.ActiveCfg = Release|Any CPU
		{B2DF526C-64CC-4ACB-9FDC-FCC92E330B46}.Release|Any CPU.Build.0 = Release|Any CPU
	EndGlobalSection
	GlobalSection(SolutionProperties) = preSolution
		HideSolutionNode = FALSE
	EndGlobalSection
	GlobalSection(ExtensibilityGlobals) = postSolution
		SolutionGuid = {BB96B8E2-C2C3-47B1-B045-C4869B1BE75B}
	EndGlobalSection
EndGlobal
